
Microsoft Visual Studio Solution File, Format Version 12.00
# Visual Studio Version 16
VisualStudioVersion = 16.0.31205.134
MinimumVisualStudioVersion = 10.0.40219.1
Project("{FAE04EC0-301F-11D3-BF4B-00C04F79EFBC}") = "Registration", "Registration.csproj", "{DDCDB858-4B93-43F6-8995-74F5B4EA2290}"
EndProject
Global
	GlobalSection(SolutionConfigurationPlatforms) = preSolution
		Debug|Any CPU = Debug|Any CPU
		Release|Any CPU = Release|Any CPU
	EndGlobalSection
	GlobalSection(ProjectConfigurationPlatforms) = postSolution
		{DDCDB858-4B93-43F6-8995-74F5B4EA2290}.Debug|Any CPU.ActiveCfg = Debug|Any CPU
		{DDCDB858-4B93-43F6-8995-74F5B4EA2290}.Debug|Any CPU.Build.0 = Debug|Any CPU
		{DDCDB858-4B93-43F6-8995-74F5B4EA2290}.Release|Any CPU.ActiveCfg = Release|Any CPU
		{DDCDB858-4B93-43F6-8995-74F5B4EA2290}.Release|Any CPU.Build.0 = Release|Any CPU
	EndGlobalSection
	GlobalSection(SolutionProperties) = preSolution
		HideSolutionNode = FALSE
	EndGlobalSection
	GlobalSection(ExtensibilityGlobals) = postSolution
		SolutionGuid = {8E4BC228-7C73-4DBE-882E-88BDCD8388F4}
	EndGlobalSection
EndGlobal
